
Microsoft Visual Studio Solution File, Format Version 12.00
# Visual Studio 15
VisualStudioVersion = 15.0.28307.271
MinimumVisualStudioVersion = 10.0.40219.1
Project("{FAE04EC0-301F-11D3-BF4B-00C04F79EFBC}") = "NPCustomWinFormControl", "WindowsFormsControlLibrary1\NPCustomWinFormControl.csproj", "{64DAE1C9-0EE7-4D2A-9227-42E422C7841D}"
EndProject
Global
	GlobalSection(SolutionConfigurationPlatforms) = preSolution
		Debug|Any CPU = Debug|Any CPU
		Release|Any CPU = Release|Any CPU
	EndGlobalSection
	GlobalSection(ProjectConfigurationPlatforms) = postSolution
		{64DAE1C9-0EE7-4D2A-9227-42E422C7841D}.Debug|Any CPU.ActiveCfg = Debug|Any CPU
		{64DAE1C9-0EE7-4D2A-9227-42E422C7841D}.Debug|Any CPU.Build.0 = Debug|Any CPU
		{64DAE1C9-0EE7-4D2A-9227-42E422C7841D}.Release|Any CPU.ActiveCfg = Release|Any CPU
		{64DAE1C9-0EE7-4D2A-9227-42E422C7841D}.Release|Any CPU.Build.0 = Release|Any CPU
	EndGlobalSection
	GlobalSection(SolutionProperties) = preSolution
		HideSolutionNode = FALSE
	EndGlobalSection
	GlobalSection(ExtensibilityGlobals) = postSolution
		SolutionGuid = {72B14592-94AA-4B93-8976-D6DA4BB98C98}
	EndGlobalSection
EndGlobal
